
Microsoft Visual Studio Solution File, Format Version 12.00
# Visual Studio Version 16
VisualStudioVersion = 16.0.31515.178
MinimumVisualStudioVersion = 10.0.40219.1
Project("{FAE04EC0-301F-11D3-BF4B-00C04F79EFBC}") = "JogoVelha", "JogoVelha\JogoVelha.csproj", "{DE514FFF-9A58-4027-A4E4-5E33EA2BA975}"
EndProject
Global
	GlobalSection(SolutionConfigurationPlatforms) = preSolution
		Debug|Any CPU = Debug|Any CPU
		Release|Any CPU = Release|Any CPU
	EndGlobalSection
	GlobalSection(ProjectConfigurationPlatforms) = postSolution
		{DE514FFF-9A58-4027-A4E4-5E33EA2BA975}.Debug|Any CPU.ActiveCfg = Debug|Any CPU
		{DE514FFF-9A58-4027-A4E4-5E33EA2BA975}.Debug|Any CPU.Build.0 = Debug|Any CPU
		{DE514FFF-9A58-4027-A4E4-5E33EA2BA975}.Release|Any CPU.ActiveCfg = Release|Any CPU
		{DE514FFF-9A58-4027-A4E4-5E33EA2BA975}.Release|Any CPU.Build.0 = Release|Any CPU
	EndGlobalSection
	GlobalSection(SolutionProperties) = preSolution
		HideSolutionNode = FALSE
	EndGlobalSection
	GlobalSection(ExtensibilityGlobals) = postSolution
		SolutionGuid = {4BE2822E-D1EB-4672-93F2-0BEC3D7ACFA8}
	EndGlobalSection
EndGlobal
